// !$*UTF8*$!
{
	archiveVersion = 1;
	classes = {
	};
	objectVersion = 46;
	objects = {

/* Begin PBXBuildFile section */
		C307C1A8195E5381005578E5 /* AppDelegate.swift in Sources */ = {isa = PBXBuildFile; fileRef = C307C1A7195E5381005578E5 /* AppDelegate.swift */; };
		C307C1AA195E5381005578E5 /* Images.xcassets in Resources */ = {isa = PBXBuildFile; fileRef = C307C1A9195E5381005578E5 /* Images.xcassets */; };
		C31F385C195F64AE001FB455 /* MainViewController.swift in Sources */ = {isa = PBXBuildFile; fileRef = C31F385A195F64AE001FB455 /* MainViewController.swift */; };
		C31F385D195F64AE001FB455 /* MainViewController.xib in Resources */ = {isa = PBXBuildFile; fileRef = C31F385B195F64AE001FB455 /* MainViewController.xib */; };
		C31F3860195F7B5C001FB455 /* HomeViewController.swift in Sources */ = {isa = PBXBuildFile; fileRef = C31F385E195F7B5C001FB455 /* HomeViewController.swift */; };
		C31F3861195F7B5C001FB455 /* HomeViewController.xib in Resources */ = {isa = PBXBuildFile; fileRef = C31F385F195F7B5C001FB455 /* HomeViewController.xib */; };
/* End PBXBuildFile section */

/* Begin PBXFileReference section */
		C307C1A2195E5381005578E5 /* 04Homework-beta.app */ = {isa = PBXFileReference; explicitFileType = wrapper.application; includeInIndex = 0; path = "04Homework-beta.app"; sourceTree = BUILT_PRODUCTS_DIR; };
		C307C1A6195E5381005578E5 /* Info.plist */ = {isa = PBXFileReference; lastKnownFileType = text.plist.xml; path = Info.plist; sourceTree = "<group>"; };
		C307C1A7195E5381005578E5 /* AppDelegate.swift */ = {isa = PBXFileReference; lastKnownFileType = sourcecode.swift; path = AppDelegate.swift; sourceTree = "<group>"; };
		C307C1A9195E5381005578E5 /* Images.xcassets */ = {isa = PBXFileReference; lastKnownFileType = folder.assetcatalog; path = Images.xcassets; sourceTree = "<group>"; };
		C307C1B4195E5381005578E5 /* Info.plist */ = {isa = PBXFileReference; lastKnownFileType = text.plist.xml; path = Info.plist; sourceTree = "<group>"; };
		C307C1B5195E5381005578E5 /* _4Homework_betaTests.swift */ = {isa = PBXFileReference; lastKnownFileType = sourcecode.swift; path = _4Homework_betaTests.swift; sourceTree = "<group>"; };
		C31F385A195F64AE001FB455 /* MainViewController.swift */ = {isa = PBXFileReference; fileEncoding = 4; lastKnownFileType = sourcecode.swift; path = MainViewController.swift; sourceTree = "<group>"; };
		C31F385B195F64AE001FB455 /* MainViewController.xib */ = {isa = PBXFileReference; fileEncoding = 4; lastKnownFileType = file.xib; path = MainViewController.xib; sourceTree = "<group>"; };
		C31F385E195F7B5C001FB455 /* HomeViewController.swift */ = {isa = PBXFileReference; fileEncoding = 4; lastKnownFileType = sourcecode.swift; path = HomeViewController.swift; sourceTree = "<group>"; };
		C31F385F195F7B5C001FB455 /* HomeViewController.xib */ = {isa = PBXFileReference; fileEncoding = 4; lastKnownFileType = file.xib; path = HomeViewController.xib; sourceTree = "<group>"; };
/* End PBXFileReference section */

/* Begin PBXFrameworksBuildPhase section */
		C307C19F195E5381005578E5 /* Frameworks */ = {
			isa = PBXFrameworksBuildPhase;
			buildActionMask = 2147483647;
			files = (
			);
			runOnlyForDeploymentPostprocessing = 0;
		};
/* End PBXFrameworksBuildPhase section */

/* Begin PBXGroup section */
		C307C199195E5381005578E5 = {
			isa = PBXGroup;
			children = (
				C307C1A4195E5381005578E5 /* 04Homework-beta */,
				C307C1B2195E5381005578E5 /* 04Homework-betaTests */,
				C307C1A3195E5381005578E5 /* Products */,
			);
			sourceTree = "<group>";
		};
		C307C1A3195E5381005578E5 /* Products */ = {
			isa = PBXGroup;
			children = (
				C307C1A2195E5381005578E5 /* 04Homework-beta.app */,
			);
			name = Products;
			sourceTree = "<group>";
		};
		C307C1A4195E5381005578E5 /* 04Homework-beta */ = {
			isa = PBXGroup;
			children = (
				C307C1A7195E5381005578E5 /* AppDelegate.swift */,
				C31F385E195F7B5C001FB455 /* HomeViewController.swift */,
				C31F385F195F7B5C001FB455 /* HomeViewController.xib */,
				C307C1A9195E5381005578E5 /* Images.xcassets */,
				C307C1A5195E5381005578E5 /* Supporting Files */,
				C31F385A195F64AE001FB455 /* MainViewController.swift */,
				C31F385B195F64AE001FB455 /* MainViewController.xib */,
			);
			path = "04Homework-beta";
			sourceTree = "<group>";
		};
		C307C1A5195E5381005578E5 /* Supporting Files */ = {
			isa = PBXGroup;
			children = (
				C307C1A6195E5381005578E5 /* Info.plist */,
			);
			name = "Supporting Files";
			sourceTree = "<group>";
		};
		C307C1B2195E5381005578E5 /* 04Homework-betaTests */ = {
			isa = PBXGroup;
			children = (
				C307C1B5195E5381005578E5 /* _4Homework_betaTests.swift */,
				C307C1B3195E5381005578E5 /* Supporting Files */,
			);
			path = "04Homework-betaTests";
			sourceTree = "<group>";
		};
		C307C1B3195E5381005578E5 /* Supporting Files */ = {
			isa = PBXGroup;
			children = (
				C307C1B4195E5381005578E5 /* Info.plist */,
			);
			name = "Supporting Files";
			sourceTree = "<group>";
		};
/* End PBXGroup section */

/* Begin PBXNativeTarget section */
		C307C1A1195E5381005578E5 /* 04Homework-beta */ = {
			isa = PBXNativeTarget;
			buildConfigurationList = C307C1B9195E5381005578E5 /* Build configuration list for PBXNativeTarget "04Homework-beta" */;
			buildPhases = (
				C307C19E195E5381005578E5 /* Sources */,
				C307C19F195E5381005578E5 /* Frameworks */,
				C307C1A0195E5381005578E5 /* Resources */,
			);
			buildRules = (
			);
			dependencies = (
			);
			name = "04Homework-beta";
			productName = "04Homework-beta";
			productReference = C307C1A2195E5381005578E5 /* 04Homework-beta.app */;
			productType = "com.apple.product-type.application";
		};
/* End PBXNativeTarget section */

/* Begin PBXProject section */
		C307C19A195E5381005578E5 /* Project object */ = {
			isa = PBXProject;
			attributes = {
				LastUpgradeCheck = 0600;
				ORGANIZATIONNAME = AC;
				TargetAttributes = {
					C307C1A1195E5381005578E5 = {
						CreatedOnToolsVersion = 6.0;
					};
				};
			};
			buildConfigurationList = C307C19D195E5381005578E5 /* Build configuration list for PBXProject "04Homework-beta" */;
			compatibilityVersion = "Xcode 3.2";
			developmentRegion = English;
			hasScannedForEncodings = 0;
			knownRegions = (
				en,
			);
			mainGroup = C307C199195E5381005578E5;
			productRefGroup = C307C1A3195E5381005578E5 /* Products */;
			projectDirPath = "";
			projectRoot = "";
			targets = (
				C307C1A1195E5381005578E5 /* 04Homework-beta */,
			);
		};
/* End PBXProject section */

/* Begin PBXResourcesBuildPhase section */
		C307C1A0195E5381005578E5 /* Resources */ = {
			isa = PBXResourcesBuildPhase;
			buildActionMask = 2147483647;
			files = (
				C307C1AA195E5381005578E5 /* Images.xcassets in Resources */,
				C31F385D195F64AE001FB455 /* MainViewController.xib in Resources */,
				C31F3861195F7B5C001FB455 /* HomeViewController.xib in Resources */,
			);
			runOnlyForDeploymentPostprocessing = 0;
		};
/* End PBXResourcesBuildPhase section */

/* Begin PBXSourcesBuildPhase section */
		C307C19E195E5381005578E5 /* Sources */ = {
			isa = PBXSourcesBuildPhase;
			buildActionMask = 2147483647;
			files = (
				C307C1A8195E5381005578E5 /* AppDelegate.swift in Sources */,
				C31F385C195F64AE001FB455 /* MainViewController.swift in Sources */,
				C31F3860195F7B5C001FB455 /* HomeViewController.swift in Sources */,
			);
			runOnlyForDeploymentPostprocessing = 0;
		};
/* End PBXSourcesBuildPhase section */

/* Begin XCBuildConfiguration section */
		C307C1B7195E5381005578E5 /* Debug */ = {
			isa = XCBuildConfiguration;
			buildSettings = {
				ALWAYS_SEARCH_USER_PATHS = NO;
				CLANG_CXX_LANGUAGE_STANDARD = "gnu++0x";
				CLANG_CXX_LIBRARY = "libc++";
				CLANG_ENABLE_MODULES = YES;
				CLANG_ENABLE_OBJC_ARC = YES;
				CLANG_WARN_BOOL_CONVERSION = YES;
				CLANG_WARN_CONSTANT_CONVERSION = YES;
				CLANG_WARN_DIRECT_OBJC_ISA_USAGE = YES_ERROR;
				CLANG_WARN_EMPTY_BODY = YES;
				CLANG_WARN_ENUM_CONVERSION = YES;
				CLANG_WARN_INT_CONVERSION = YES;
				CLANG_WARN_OBJC_ROOT_CLASS = YES_ERROR;
				CLANG_WARN_UNREACHABLE_CODE = YES;
				CLANG_WARN__DUPLICATE_METHOD_MATCH = YES;
				"CODE_SIGN_IDENTITY[sdk=iphoneos*]" = "iPhone Developer";
				COPY_PHASE_STRIP = NO;
				ENABLE_STRICT_OBJC_MSGSEND = YES;
				GCC_C_LANGUAGE_STANDARD = gnu99;
				GCC_DYNAMIC_NO_PIC = NO;
				GCC_OPTIMIZATION_LEVEL = 0;
				GCC_PREPROCESSOR_DEFINITIONS = (
					"DEBUG=1",
					"$(inherited)",
				);
				GCC_SYMBOLS_PRIVATE_EXTERN = NO;
				GCC_WARN_64_TO_32_BIT_CONVERSION = YES;
				GCC_WARN_ABOUT_RETURN_TYPE = YES_ERROR;
				GCC_WARN_UNDECLARED_SELECTOR = YES;
				GCC_WARN_UNINITIALIZED_AUTOS = YES_AGGRESSIVE;
				GCC_WARN_UNUSED_FUNCTION = YES;
				GCC_WARN_UNUSED_VARIABLE = YES;
				IPHONEOS_DEPLOYMENT_TARGET = 7.1;
				METAL_ENABLE_DEBUG_INFO = YES;
				ONLY_ACTIVE_ARCH = YES;
				SDKROOT = iphoneos;
				SWIFT_OPTIMIZATION_LEVEL = "-Onone";
			};
			name = Debug;
		};
		C307C1B8195E5381005578E5 /* Release */ = {
			isa = XCBuildConfiguration;
			buildSettings = {
				ALWAYS_SEARCH_USER_PATHS = NO;
				CLANG_CXX_LANGUAGE_STANDARD = "gnu++0x";
				CLANG_CXX_LIBRARY = "libc++";
				CLANG_ENABLE_MODULES = YES;
				CLANG_ENABLE_OBJC_ARC = YES;
				CLANG_WARN_BOOL_CONVERSION = YES;
				CLANG_WARN_CONSTANT_CONVERSION = YES;
				CLANG_WARN_DIRECT_OBJC_ISA_USAGE = YES_ERROR;
				CLANG_WARN_EMPTY_BODY = YES;
				CLANG_WARN_ENUM_CONVERSION = YES;
				CLANG_WARN_INT_CONVERSION = YES;
				CLANG_WARN_OBJC_ROOT_CLASS = YES_ERROR;
				CLANG_WARN_UNREACHABLE_CODE = YES;
				CLANG_WARN__DUPLICATE_METHOD_MATCH = YES;
				"CODE_SIGN_IDENTITY[sdk=iphoneos*]" = "iPhone Developer";
				COPY_PHASE_STRIP = YES;
				ENABLE_NS_ASSERTIONS = NO;
				ENABLE_STRICT_OBJC_MSGSEND = YES;
				GCC_C_LANGUAGE_STANDARD = gnu99;
				GCC_WARN_64_TO_32_BIT_CONVERSION = YES;
				GCC_WARN_ABOUT_RETURN_TYPE = YES_ERROR;
				GCC_WARN_UNDECLARED_SELECTOR = YES;
				GCC_WARN_UNINITIALIZED_AUTOS = YES_AGGRESSIVE;
				GCC_WARN_UNUSED_FUNCTION = YES;
				GCC_WARN_UNUSED_VARIABLE = YES;
				IPHONEOS_DEPLOYMENT_TARGET = 7.1;
				METAL_ENABLE_DEBUG_INFO = NO;
				SDKROOT = iphoneos;
				VALIDATE_PRODUCT = YES;
			};
			name = Release;
		};
		C307C1BA195E5381005578E5 /* Debug */ = {
			isa = XCBuildConfiguration;
			buildSettings = {
				ASSETCATALOG_COMPILER_APPICON_NAME = AppIcon;
				ASSETCATALOG_COMPILER_LAUNCHIMAGE_NAME = LaunchImage;
				INFOPLIST_FILE = "04Homework-beta/Info.plist";
				IPHONEOS_DEPLOYMENT_TARGET = 7.1;
				LD_RUNPATH_SEARCH_PATHS = "$(inherited) @executable_path/Frameworks";
				PRODUCT_NAME = "$(TARGET_NAME)";
			};
			name = Debug;
		};
		C307C1BB195E5381005578E5 /* Release */ = {
			isa = XCBuildConfiguration;
			buildSettings = {
				ASSETCATALOG_COMPILER_APPICON_NAME = AppIcon;
				ASSETCATALOG_COMPILER_LAUNCHIMAGE_NAME = LaunchImage;
				INFOPLIST_FILE = "04Homework-beta/Info.plist";
				IPHONEOS_DEPLOYMENT_TARGET = 7.1;
				LD_RUNPATH_SEARCH_PATHS = "$(inherited) @executable_path/Frameworks";
				PRODUCT_NAME = "$(TARGET_NAME)";
			};
			name = Release;
		};
/* End XCBuildConfiguration section */

/* Begin XCConfigurationList section */
		C307C19D195E5381005578E5 /* Build configuration list for PBXProject "04Homework-beta" */ = {
			isa = XCConfigurationList;
			buildConfigurations = (
				C307C1B7195E5381005578E5 /* Debug */,
				C307C1B8195E5381005578E5 /* Release */,
			);
			defaultConfigurationIsVisible = 0;
			defaultConfigurationName = Release;
		};
		C307C1B9195E5381005578E5 /* Build configuration list for PBXNativeTarget "04Homework-beta" */ = {
			isa = XCConfigurationList;
			buildConfigurations = (
				C307C1BA195E5381005578E5 /* Debug */,
				C307C1BB195E5381005578E5 /* Release */,
			);
			defaultConfigurationIsVisible = 0;
			defaultConfigurationName = Release;
		};
/* End XCConfigurationList section */
	};
	rootObject = C307C19A195E5381005578E5 /* Project object */;
}
